
Microsoft Visual Studio Solution File, Format Version 12.00
# Visual Studio Version 17
VisualStudioVersion = 17.3.32804.467
MinimumVisualStudioVersion = 10.0.40219.1
Project("{9A19103F-16F7-4668-BE54-9A1E7A4F7556}") = "RestaurantAPI5", "RestaurantAPI5.csproj", "{7790B829-FE0A-461C-B2F1-5C9BEBA1426A}"
EndProject
Global
	GlobalSection(SolutionConfigurationPlatforms) = preSolution
		Debug|Any CPU = Debug|Any CPU
		Release|Any CPU = Release|Any CPU
	EndGlobalSection
	GlobalSection(ProjectConfigurationPlatforms) = postSolution
		{7790B829-FE0A-461C-B2F1-5C9BEBA1426A}.Debug|Any CPU.ActiveCfg = Debug|Any CPU
		{7790B829-FE0A-461C-B2F1-5C9BEBA1426A}.Debug|Any CPU.Build.0 = Debug|Any CPU
		{7790B829-FE0A-461C-B2F1-5C9BEBA1426A}.Release|Any CPU.ActiveCfg = Release|Any CPU
		{7790B829-FE0A-461C-B2F1-5C9BEBA1426A}.Release|Any CPU.Build.0 = Release|Any CPU
	EndGlobalSection
	GlobalSection(SolutionProperties) = preSolution
		HideSolutionNode = FALSE
	EndGlobalSection
	GlobalSection(ExtensibilityGlobals) = postSolution
		SolutionGuid = {17ED7359-28CE-4121-90A4-5638A81B3C46}
	EndGlobalSection
EndGlobal
